
Microsoft Visual Studio Solution File, Format Version 12.00
# Visual Studio Version 16
VisualStudioVersion = 16.0.32510.428
MinimumVisualStudioVersion = 10.0.40219.1
Project("{FAE04EC0-301F-11D3-BF4B-00C04F79EFBC}") = "LiteDbDemo", "LiteDbDemo.csproj", "{6FD39C7A-9E3D-4AB2-A7C6-14170E632020}"
EndProject
Global
	GlobalSection(SolutionConfigurationPlatforms) = preSolution
		Debug|Any CPU = Debug|Any CPU
		Release|Any CPU = Release|Any CPU
	EndGlobalSection
	GlobalSection(ProjectConfigurationPlatforms) = postSolution
		{6FD39C7A-9E3D-4AB2-A7C6-14170E632020}.Debug|Any CPU.ActiveCfg = Debug|Any CPU
		{6FD39C7A-9E3D-4AB2-A7C6-14170E632020}.Debug|Any CPU.Build.0 = Debug|Any CPU
		{6FD39C7A-9E3D-4AB2-A7C6-14170E632020}.Release|Any CPU.ActiveCfg = Release|Any CPU
		{6FD39C7A-9E3D-4AB2-A7C6-14170E632020}.Release|Any CPU.Build.0 = Release|Any CPU
	EndGlobalSection
	GlobalSection(SolutionProperties) = preSolution
		HideSolutionNode = FALSE
	EndGlobalSection
	GlobalSection(ExtensibilityGlobals) = postSolution
		SolutionGuid = {00C5AFEB-E222-40B7-82C3-31F485593B6B}
	EndGlobalSection
EndGlobal
